
Microsoft Visual Studio Solution File, Format Version 12.00
# Visual Studio Version 17
VisualStudioVersion = 17.2.32630.192
MinimumVisualStudioVersion = 10.0.40219.1
Project("{FAE04EC0-301F-11D3-BF4B-00C04F79EFBC}") = "StudentApi", "StudentApi\StudentApi.csproj", "{BA3D364D-C493-46D9-84C7-6FED6D24EEB6}"
EndProject
Global
	GlobalSection(SolutionConfigurationPlatforms) = preSolution
		Debug|Any CPU = Debug|Any CPU
		Release|Any CPU = Release|Any CPU
	EndGlobalSection
	GlobalSection(ProjectConfigurationPlatforms) = postSolution
		{BA3D364D-C493-46D9-84C7-6FED6D24EEB6}.Debug|Any CPU.ActiveCfg = Debug|Any CPU
		{BA3D364D-C493-46D9-84C7-6FED6D24EEB6}.Debug|Any CPU.Build.0 = Debug|Any CPU
		{BA3D364D-C493-46D9-84C7-6FED6D24EEB6}.Release|Any CPU.ActiveCfg = Release|Any CPU
		{BA3D364D-C493-46D9-84C7-6FED6D24EEB6}.Release|Any CPU.Build.0 = Release|Any CPU
	EndGlobalSection
	GlobalSection(SolutionProperties) = preSolution
		HideSolutionNode = FALSE
	EndGlobalSection
	GlobalSection(ExtensibilityGlobals) = postSolution
		SolutionGuid = {4708F5F6-03BC-42E9-B9EB-7758ACF2EDD2}
	EndGlobalSection
EndGlobal
